// !$*UTF8*$!
{
	archiveVersion = 1;
	classes = {
	};
	objectVersion = 50;
	objects = {

/* Begin PBXBuildFile section */
		1418510B237C85B1001224D3 /* AppDelegate.swift in Sources */ = {isa = PBXBuildFile; fileRef = 1418510A237C85B1001224D3 /* AppDelegate.swift */; };
		14185113237C85B1001224D3 /* VSSquad.xcdatamodeld in Sources */ = {isa = PBXBuildFile; fileRef = 14185111237C85B1001224D3 /* VSSquad.xcdatamodeld */; };
		14185115237C85B2001224D3 /* Assets.xcassets in Resources */ = {isa = PBXBuildFile; fileRef = 14185114237C85B2001224D3 /* Assets.xcassets */; };
		14185118237C85B2001224D3 /* LaunchScreen.storyboard in Resources */ = {isa = PBXBuildFile; fileRef = 14185116237C85B2001224D3 /* LaunchScreen.storyboard */; };
		4E18117D23EF43E700F1C9D3 /* EventsViewController.swift in Sources */ = {isa = PBXBuildFile; fileRef = 4E18117C23EF43E700F1C9D3 /* EventsViewController.swift */; };
		4E91E2FE237C89B8008B3CDC /* ViewController.swift in Sources */ = {isa = PBXBuildFile; fileRef = 4E91E2FD237C89B8008B3CDC /* ViewController.swift */; };
		4E91E300237C89DA008B3CDC /* Main.storyboard in Resources */ = {isa = PBXBuildFile; fileRef = 4E91E2FF237C89DA008B3CDC /* Main.storyboard */; };
		4E91E307237C8AF3008B3CDC /* VolunteerViewController.swift in Sources */ = {isa = PBXBuildFile; fileRef = 4E91E302237C8AF3008B3CDC /* VolunteerViewController.swift */; };
		4E91E308237C8AF3008B3CDC /* User2TableViewController.swift in Sources */ = {isa = PBXBuildFile; fileRef = 4E91E303237C8AF3008B3CDC /* User2TableViewController.swift */; };
		4E91E309237C8AF3008B3CDC /* Volunteer.swift in Sources */ = {isa = PBXBuildFile; fileRef = 4E91E304237C8AF3008B3CDC /* Volunteer.swift */; };
		4E91E30A237C8AF3008B3CDC /* UserTableViewCell.swift in Sources */ = {isa = PBXBuildFile; fileRef = 4E91E305237C8AF3008B3CDC /* UserTableViewCell.swift */; };
		4E91E30B237C8AF3008B3CDC /* UserList.storyboard in Resources */ = {isa = PBXBuildFile; fileRef = 4E91E306237C8AF3008B3CDC /* UserList.storyboard */; };
		4EE2E31C23C7536E003AD06E /* Events.storyboard in Resources */ = {isa = PBXBuildFile; fileRef = 4EE2E31323C7536E003AD06E /* Events.storyboard */; };
		4EE2E31D23C7536E003AD06E /* Event.swift in Sources */ = {isa = PBXBuildFile; fileRef = 4EE2E31423C7536E003AD06E /* Event.swift */; };
		4EE2E31E23C7536E003AD06E /* EventsTableViewController.swift in Sources */ = {isa = PBXBuildFile; fileRef = 4EE2E31623C7536E003AD06E /* EventsTableViewController.swift */; };
		4EE2E31F23C7536E003AD06E /* EventsTableViewCell.swift in Sources */ = {isa = PBXBuildFile; fileRef = 4EE2E31723C7536E003AD06E /* EventsTableViewCell.swift */; };
		4EE2E32023C7536E003AD06E /* MasterViewController.swift in Sources */ = {isa = PBXBuildFile; fileRef = 4EE2E31823C7536E003AD06E /* MasterViewController.swift */; };
		4EE2E32123C7536E003AD06E /* MyEventsTableViewCell.swift in Sources */ = {isa = PBXBuildFile; fileRef = 4EE2E31A23C7536E003AD06E /* MyEventsTableViewCell.swift */; };
		4EE2E32223C7536E003AD06E /* MyEventsTableViewController.swift in Sources */ = {isa = PBXBuildFile; fileRef = 4EE2E31B23C7536E003AD06E /* MyEventsTableViewController.swift */; };
		BE9522AB237DCCAC00D22149 /* NavContainer.storyboard in Resources */ = {isa = PBXBuildFile; fileRef = BE9522AA237DCCAC00D22149 /* NavContainer.storyboard */; };
		BE9522AF237DCD2800D22149 /* NavContainerViewController.swift in Sources */ = {isa = PBXBuildFile; fileRef = BE9522AE237DCD2800D22149 /* NavContainerViewController.swift */; };
/* End PBXBuildFile section */

/* Begin PBXFileReference section */
		14185107237C85B1001224D3 /* VSSquad.app */ = {isa = PBXFileReference; explicitFileType = wrapper.application; includeInIndex = 0; path = VSSquad.app; sourceTree = BUILT_PRODUCTS_DIR; };
		1418510A237C85B1001224D3 /* AppDelegate.swift */ = {isa = PBXFileReference; lastKnownFileType = sourcecode.swift; path = AppDelegate.swift; sourceTree = "<group>"; };
		14185112237C85B1001224D3 /* VSSquad.xcdatamodel */ = {isa = PBXFileReference; lastKnownFileType = wrapper.xcdatamodel; path = VSSquad.xcdatamodel; sourceTree = "<group>"; };
		14185114237C85B2001224D3 /* Assets.xcassets */ = {isa = PBXFileReference; lastKnownFileType = folder.assetcatalog; path = Assets.xcassets; sourceTree = "<group>"; };
		14185117237C85B2001224D3 /* Base */ = {isa = PBXFileReference; lastKnownFileType = file.storyboard; name = Base; path = Base.lproj/LaunchScreen.storyboard; sourceTree = "<group>"; };
		14185119237C85B2001224D3 /* Info.plist */ = {isa = PBXFileReference; lastKnownFileType = text.plist.xml; path = Info.plist; sourceTree = "<group>"; };
		4E18117C23EF43E700F1C9D3 /* EventsViewController.swift */ = {isa = PBXFileReference; lastKnownFileType = sourcecode.swift; path = EventsViewController.swift; sourceTree = "<group>"; };
		4E91E2FD237C89B8008B3CDC /* ViewController.swift */ = {isa = PBXFileReference; fileEncoding = 4; lastKnownFileType = sourcecode.swift; path = ViewController.swift; sourceTree = "<group>"; };
		4E91E2FF237C89DA008B3CDC /* Main.storyboard */ = {isa = PBXFileReference; fileEncoding = 4; lastKnownFileType = file.storyboard; path = Main.storyboard; sourceTree = "<group>"; };
		4E91E302237C8AF3008B3CDC /* VolunteerViewController.swift */ = {isa = PBXFileReference; fileEncoding = 4; lastKnownFileType = sourcecode.swift; path = VolunteerViewController.swift; sourceTree = "<group>"; };
		4E91E303237C8AF3008B3CDC /* User2TableViewController.swift */ = {isa = PBXFileReference; fileEncoding = 4; lastKnownFileType = sourcecode.swift; path = User2TableViewController.swift; sourceTree = "<group>"; };
		4E91E304237C8AF3008B3CDC /* Volunteer.swift */ = {isa = PBXFileReference; fileEncoding = 4; lastKnownFileType = sourcecode.swift; path = Volunteer.swift; sourceTree = "<group>"; };
		4E91E305237C8AF3008B3CDC /* UserTableViewCell.swift */ = {isa = PBXFileReference; fileEncoding = 4; lastKnownFileType = sourcecode.swift; path = UserTableViewCell.swift; sourceTree = "<group>"; };
		4E91E306237C8AF3008B3CDC /* UserList.storyboard */ = {isa = PBXFileReference; fileEncoding = 4; lastKnownFileType = file.storyboard; path = UserList.storyboard; sourceTree = "<group>"; };
		4EE2E31323C7536E003AD06E /* Events.storyboard */ = {isa = PBXFileReference; fileEncoding = 4; lastKnownFileType = file.storyboard; path = Events.storyboard; sourceTree = "<group>"; };
		4EE2E31423C7536E003AD06E /* Event.swift */ = {isa = PBXFileReference; fileEncoding = 4; lastKnownFileType = sourcecode.swift; path = Event.swift; sourceTree = "<group>"; };
		4EE2E31623C7536E003AD06E /* EventsTableViewController.swift */ = {isa = PBXFileReference; fileEncoding = 4; lastKnownFileType = sourcecode.swift; path = EventsTableViewController.swift; sourceTree = "<group>"; };
		4EE2E31723C7536E003AD06E /* EventsTableViewCell.swift */ = {isa = PBXFileReference; fileEncoding = 4; lastKnownFileType = sourcecode.swift; path = EventsTableViewCell.swift; sourceTree = "<group>"; };
		4EE2E31823C7536E003AD06E /* MasterViewController.swift */ = {isa = PBXFileReference; fileEncoding = 4; lastKnownFileType = sourcecode.swift; path = MasterViewController.swift; sourceTree = "<group>"; };
		4EE2E31A23C7536E003AD06E /* MyEventsTableViewCell.swift */ = {isa = PBXFileReference; fileEncoding = 4; lastKnownFileType = sourcecode.swift; path = MyEventsTableViewCell.swift; sourceTree = "<group>"; };
		4EE2E31B23C7536E003AD06E /* MyEventsTableViewController.swift */ = {isa = PBXFileReference; fileEncoding = 4; lastKnownFileType = sourcecode.swift; path = MyEventsTableViewController.swift; sourceTree = "<group>"; };
		BE9522AA237DCCAC00D22149 /* NavContainer.storyboard */ = {isa = PBXFileReference; lastKnownFileType = file.storyboard; path = NavContainer.storyboard; sourceTree = "<group>"; };
		BE9522AE237DCD2800D22149 /* NavContainerViewController.swift */ = {isa = PBXFileReference; lastKnownFileType = sourcecode.swift; path = NavContainerViewController.swift; sourceTree = "<group>"; };
/* End PBXFileReference section */

/* Begin PBXFrameworksBuildPhase section */
		14185104237C85B1001224D3 /* Frameworks */ = {
			isa = PBXFrameworksBuildPhase;
			buildActionMask = 2147483647;
			files = (
			);
			runOnlyForDeploymentPostprocessing = 0;
		};
/* End PBXFrameworksBuildPhase section */

/* Begin PBXGroup section */
		141850FE237C85B1001224D3 = {
			isa = PBXGroup;
			children = (
				14185109237C85B1001224D3 /* VSSquad */,
				14185108237C85B1001224D3 /* Products */,
			);
			sourceTree = "<group>";
		};
		14185108237C85B1001224D3 /* Products */ = {
			isa = PBXGroup;
			children = (
				14185107237C85B1001224D3 /* VSSquad.app */,
			);
			name = Products;
			sourceTree = "<group>";
		};
		14185109237C85B1001224D3 /* VSSquad */ = {
			isa = PBXGroup;
			children = (
				BE9522A9237DCBF600D22149 /* Home */,
				BE9522A8237DCBC700D22149 /* NavContainer */,
				4E91E301237C8AF3008B3CDC /* RegisteredUsers */,
				4EE2E31223C7536E003AD06E /* Events */,
				4E91E2FF237C89DA008B3CDC /* Main.storyboard */,
				4E91E2FD237C89B8008B3CDC /* ViewController.swift */,
				1418510A237C85B1001224D3 /* AppDelegate.swift */,
				14185114237C85B2001224D3 /* Assets.xcassets */,
				14185116237C85B2001224D3 /* LaunchScreen.storyboard */,
				14185119237C85B2001224D3 /* Info.plist */,
				14185111237C85B1001224D3 /* VSSquad.xcdatamodeld */,
			);
			path = VSSquad;
			sourceTree = "<group>";
		};
		4E91E301237C8AF3008B3CDC /* RegisteredUsers */ = {
			isa = PBXGroup;
			children = (
				4E91E302237C8AF3008B3CDC /* VolunteerViewController.swift */,
				4E91E303237C8AF3008B3CDC /* User2TableViewController.swift */,
				4E91E304237C8AF3008B3CDC /* Volunteer.swift */,
				4E91E305237C8AF3008B3CDC /* UserTableViewCell.swift */,
				4E91E306237C8AF3008B3CDC /* UserList.storyboard */,
			);
			path = RegisteredUsers;
			sourceTree = "<group>";
		};
		4EE2E31223C7536E003AD06E /* Events */ = {
			isa = PBXGroup;
			children = (
				4EE2E31323C7536E003AD06E /* Events.storyboard */,
				4EE2E31423C7536E003AD06E /* Event.swift */,
				4EE2E31523C7536E003AD06E /* AllEvents */,
				4EE2E31823C7536E003AD06E /* MasterViewController.swift */,
				4EE2E31923C7536E003AD06E /* MyEvents */,
				4E18117C23EF43E700F1C9D3 /* EventsViewController.swift */,
			);
			path = Events;
			sourceTree = "<group>";
		};
		4EE2E31523C7536E003AD06E /* AllEvents */ = {
			isa = PBXGroup;
			children = (
				4EE2E31623C7536E003AD06E /* EventsTableViewController.swift */,
				4EE2E31723C7536E003AD06E /* EventsTableViewCell.swift */,
			);
			path = AllEvents;
			sourceTree = "<group>";
		};
		4EE2E31923C7536E003AD06E /* MyEvents */ = {
			isa = PBXGroup;
			children = (
				4EE2E31A23C7536E003AD06E /* MyEventsTableViewCell.swift */,
				4EE2E31B23C7536E003AD06E /* MyEventsTableViewController.swift */,
			);
			path = MyEvents;
			sourceTree = "<group>";
		};
		BE9522A8237DCBC700D22149 /* NavContainer */ = {
			isa = PBXGroup;
			children = (
				BE9522AA237DCCAC00D22149 /* NavContainer.storyboard */,
				BE9522AE237DCD2800D22149 /* NavContainerViewController.swift */,
			);
			path = NavContainer;
			sourceTree = "<group>";
		};
		BE9522A9237DCBF600D22149 /* Home */ = {
			isa = PBXGroup;
			children = (
			);
			path = Home;
			sourceTree = "<group>";
		};
/* End PBXGroup section */

/* Begin PBXNativeTarget section */
		14185106237C85B1001224D3 /* VSSquad */ = {
			isa = PBXNativeTarget;
			buildConfigurationList = 1418511C237C85B2001224D3 /* Build configuration list for PBXNativeTarget "VSSquad" */;
			buildPhases = (
				14185103237C85B1001224D3 /* Sources */,
				14185104237C85B1001224D3 /* Frameworks */,
				14185105237C85B1001224D3 /* Resources */,
			);
			buildRules = (
			);
			dependencies = (
			);
			name = VSSquad;
			productName = VSSquad;
			productReference = 14185107237C85B1001224D3 /* VSSquad.app */;
			productType = "com.apple.product-type.application";
		};
/* End PBXNativeTarget section */

/* Begin PBXProject section */
		141850FF237C85B1001224D3 /* Project object */ = {
			isa = PBXProject;
			attributes = {
				LastSwiftUpdateCheck = 1010;
				LastUpgradeCheck = 1010;
				ORGANIZATIONNAME = "Anand Kelkar";
				TargetAttributes = {
					14185106237C85B1001224D3 = {
						CreatedOnToolsVersion = 10.1;
					};
				};
			};
			buildConfigurationList = 14185102237C85B1001224D3 /* Build configuration list for PBXProject "VSSquad" */;
			compatibilityVersion = "Xcode 9.3";
			developmentRegion = en;
			hasScannedForEncodings = 0;
			knownRegions = (
				en,
				Base,
			);
			mainGroup = 141850FE237C85B1001224D3;
			productRefGroup = 14185108237C85B1001224D3 /* Products */;
			projectDirPath = "";
			projectRoot = "";
			targets = (
				14185106237C85B1001224D3 /* VSSquad */,
			);
		};
/* End PBXProject section */

/* Begin PBXResourcesBuildPhase section */
		14185105237C85B1001224D3 /* Resources */ = {
			isa = PBXResourcesBuildPhase;
			buildActionMask = 2147483647;
			files = (
				BE9522AB237DCCAC00D22149 /* NavContainer.storyboard in Resources */,
				4E91E300237C89DA008B3CDC /* Main.storyboard in Resources */,
				4E91E30B237C8AF3008B3CDC /* UserList.storyboard in Resources */,
				14185118237C85B2001224D3 /* LaunchScreen.storyboard in Resources */,
				14185115237C85B2001224D3 /* Assets.xcassets in Resources */,
				4EE2E31C23C7536E003AD06E /* Events.storyboard in Resources */,
			);
			runOnlyForDeploymentPostprocessing = 0;
		};
/* End PBXResourcesBuildPhase section */

/* Begin PBXSourcesBuildPhase section */
		14185103237C85B1001224D3 /* Sources */ = {
			isa = PBXSourcesBuildPhase;
			buildActionMask = 2147483647;
			files = (
				4E91E2FE237C89B8008B3CDC /* ViewController.swift in Sources */,
				4EE2E31D23C7536E003AD06E /* Event.swift in Sources */,
				1418510B237C85B1001224D3 /* AppDelegate.swift in Sources */,
				4E91E30A237C8AF3008B3CDC /* UserTableViewCell.swift in Sources */,
				4E91E309237C8AF3008B3CDC /* Volunteer.swift in Sources */,
				BE9522AF237DCD2800D22149 /* NavContainerViewController.swift in Sources */,
				4EE2E32223C7536E003AD06E /* MyEventsTableViewController.swift in Sources */,
				14185113237C85B1001224D3 /* VSSquad.xcdatamodeld in Sources */,
				4E91E307237C8AF3008B3CDC /* VolunteerViewController.swift in Sources */,
				4EE2E32023C7536E003AD06E /* MasterViewController.swift in Sources */,
				4EE2E31E23C7536E003AD06E /* EventsTableViewController.swift in Sources */,
				4E91E308237C8AF3008B3CDC /* User2TableViewController.swift in Sources */,
				4EE2E31F23C7536E003AD06E /* EventsTableViewCell.swift in Sources */,
				4EE2E32123C7536E003AD06E /* MyEventsTableViewCell.swift in Sources */,
				4E18117D23EF43E700F1C9D3 /* EventsViewController.swift in Sources */,
			);
			runOnlyForDeploymentPostprocessing = 0;
		};
/* End PBXSourcesBuildPhase section */

/* Begin PBXVariantGroup section */
		14185116237C85B2001224D3 /* LaunchScreen.storyboard */ = {
			isa = PBXVariantGroup;
			children = (
				14185117237C85B2001224D3 /* Base */,
			);
			name = LaunchScreen.storyboard;
			sourceTree = "<group>";
		};
/* End PBXVariantGroup section */

/* Begin XCBuildConfiguration section */
		1418511A237C85B2001224D3 /* Debug */ = {
			isa = XCBuildConfiguration;
			buildSettings = {
				ALWAYS_SEARCH_USER_PATHS = NO;
				CLANG_ANALYZER_NONNULL = YES;
				CLANG_ANALYZER_NUMBER_OBJECT_CONVERSION = YES_AGGRESSIVE;
				CLANG_CXX_LANGUAGE_STANDARD = "gnu++14";
				CLANG_CXX_LIBRARY = "libc++";
				CLANG_ENABLE_MODULES = YES;
				CLANG_ENABLE_OBJC_ARC = YES;
				CLANG_ENABLE_OBJC_WEAK = YES;
				CLANG_WARN_BLOCK_CAPTURE_AUTORELEASING = YES;
				CLANG_WARN_BOOL_CONVERSION = YES;
				CLANG_WARN_COMMA = YES;
				CLANG_WARN_CONSTANT_CONVERSION = YES;
				CLANG_WARN_DEPRECATED_OBJC_IMPLEMENTATIONS = YES;
				CLANG_WARN_DIRECT_OBJC_ISA_USAGE = YES_ERROR;
				CLANG_WARN_DOCUMENTATION_COMMENTS = YES;
				CLANG_WARN_EMPTY_BODY = YES;
				CLANG_WARN_ENUM_CONVERSION = YES;
				CLANG_WARN_INFINITE_RECURSION = YES;
				CLANG_WARN_INT_CONVERSION = YES;
				CLANG_WARN_NON_LITERAL_NULL_CONVERSION = YES;
				CLANG_WARN_OBJC_IMPLICIT_RETAIN_SELF = YES;
				CLANG_WARN_OBJC_LITERAL_CONVERSION = YES;
				CLANG_WARN_OBJC_ROOT_CLASS = YES_ERROR;
				CLANG_WARN_RANGE_LOOP_ANALYSIS = YES;
				CLANG_WARN_STRICT_PROTOTYPES = YES;
				CLANG_WARN_SUSPICIOUS_MOVE = YES;
				CLANG_WARN_UNGUARDED_AVAILABILITY = YES_AGGRESSIVE;
				CLANG_WARN_UNREACHABLE_CODE = YES;
				CLANG_WARN__DUPLICATE_METHOD_MATCH = YES;
				CODE_SIGN_IDENTITY = "iPhone Developer";
				COPY_PHASE_STRIP = NO;
				DEBUG_INFORMATION_FORMAT = dwarf;
				ENABLE_STRICT_OBJC_MSGSEND = YES;
				ENABLE_TESTABILITY = YES;
				GCC_C_LANGUAGE_STANDARD = gnu11;
				GCC_DYNAMIC_NO_PIC = NO;
				GCC_NO_COMMON_BLOCKS = YES;
				GCC_OPTIMIZATION_LEVEL = 0;
				GCC_PREPROCESSOR_DEFINITIONS = (
					"DEBUG=1",
					"$(inherited)",
				);
				GCC_WARN_64_TO_32_BIT_CONVERSION = YES;
				GCC_WARN_ABOUT_RETURN_TYPE = YES_ERROR;
				GCC_WARN_UNDECLARED_SELECTOR = YES;
				GCC_WARN_UNINITIALIZED_AUTOS = YES_AGGRESSIVE;
				GCC_WARN_UNUSED_FUNCTION = YES;
				GCC_WARN_UNUSED_VARIABLE = YES;
				IPHONEOS_DEPLOYMENT_TARGET = 12.1;
				MTL_ENABLE_DEBUG_INFO = INCLUDE_SOURCE;
				MTL_FAST_MATH = YES;
				ONLY_ACTIVE_ARCH = YES;
				SDKROOT = iphoneos;
				SWIFT_ACTIVE_COMPILATION_CONDITIONS = DEBUG;
				SWIFT_OPTIMIZATION_LEVEL = "-Onone";
			};
			name = Debug;
		};
		1418511B237C85B2001224D3 /* Release */ = {
			isa = XCBuildConfiguration;
			buildSettings = {
				ALWAYS_SEARCH_USER_PATHS = NO;
				CLANG_ANALYZER_NONNULL = YES;
				CLANG_ANALYZER_NUMBER_OBJECT_CONVERSION = YES_AGGRESSIVE;
				CLANG_CXX_LANGUAGE_STANDARD = "gnu++14";
				CLANG_CXX_LIBRARY = "libc++";
				CLANG_ENABLE_MODULES = YES;
				CLANG_ENABLE_OBJC_ARC = YES;
				CLANG_ENABLE_OBJC_WEAK = YES;
				CLANG_WARN_BLOCK_CAPTURE_AUTORELEASING = YES;
				CLANG_WARN_BOOL_CONVERSION = YES;
				CLANG_WARN_COMMA = YES;
				CLANG_WARN_CONSTANT_CONVERSION = YES;
				CLANG_WARN_DEPRECATED_OBJC_IMPLEMENTATIONS = YES;
				CLANG_WARN_DIRECT_OBJC_ISA_USAGE = YES_ERROR;
				CLANG_WARN_DOCUMENTATION_COMMENTS = YES;
				CLANG_WARN_EMPTY_BODY = YES;
				CLANG_WARN_ENUM_CONVERSION = YES;
				CLANG_WARN_INFINITE_RECURSION = YES;
				CLANG_WARN_INT_CONVERSION = YES;
				CLANG_WARN_NON_LITERAL_NULL_CONVERSION = YES;
				CLANG_WARN_OBJC_IMPLICIT_RETAIN_SELF = YES;
				CLANG_WARN_OBJC_LITERAL_CONVERSION = YES;
				CLANG_WARN_OBJC_ROOT_CLASS = YES_ERROR;
				CLANG_WARN_RANGE_LOOP_ANALYSIS = YES;
				CLANG_WARN_STRICT_PROTOTYPES = YES;
				CLANG_WARN_SUSPICIOUS_MOVE = YES;
				CLANG_WARN_UNGUARDED_AVAILABILITY = YES_AGGRESSIVE;
				CLANG_WARN_UNREACHABLE_CODE = YES;
				CLANG_WARN__DUPLICATE_METHOD_MATCH = YES;
				CODE_SIGN_IDENTITY = "iPhone Developer";
				COPY_PHASE_STRIP = NO;
				DEBUG_INFORMATION_FORMAT = "dwarf-with-dsym";
				ENABLE_NS_ASSERTIONS = NO;
				ENABLE_STRICT_OBJC_MSGSEND = YES;
				GCC_C_LANGUAGE_STANDARD = gnu11;
				GCC_NO_COMMON_BLOCKS = YES;
				GCC_WARN_64_TO_32_BIT_CONVERSION = YES;
				GCC_WARN_ABOUT_RETURN_TYPE = YES_ERROR;
				GCC_WARN_UNDECLARED_SELECTOR = YES;
				GCC_WARN_UNINITIALIZED_AUTOS = YES_AGGRESSIVE;
				GCC_WARN_UNUSED_FUNCTION = YES;
				GCC_WARN_UNUSED_VARIABLE = YES;
				IPHONEOS_DEPLOYMENT_TARGET = 12.1;
				MTL_ENABLE_DEBUG_INFO = NO;
				MTL_FAST_MATH = YES;
				SDKROOT = iphoneos;
				SWIFT_COMPILATION_MODE = wholemodule;
				SWIFT_OPTIMIZATION_LEVEL = "-O";
				VALIDATE_PRODUCT = YES;
			};
			name = Release;
		};
		1418511D237C85B2001224D3 /* Debug */ = {
			isa = XCBuildConfiguration;
			buildSettings = {
				ASSETCATALOG_COMPILER_APPICON_NAME = AppIcon;
				CODE_SIGN_STYLE = Automatic;
				DEVELOPMENT_TEAM = 4HRSN4JVL4;
				INFOPLIST_FILE = VSSquad/Info.plist;
				LD_RUNPATH_SEARCH_PATHS = (
					"$(inherited)",
					"@executable_path/Frameworks",
				);
				PRODUCT_BUNDLE_IDENTIFIER = VSSquad;
				PRODUCT_NAME = "$(TARGET_NAME)";
				SWIFT_VERSION = 4.2;
				TARGETED_DEVICE_FAMILY = "1,2";
			};
			name = Debug;
		};
		1418511E237C85B2001224D3 /* Release */ = {
			isa = XCBuildConfiguration;
			buildSettings = {
				ASSETCATALOG_COMPILER_APPICON_NAME = AppIcon;
				CODE_SIGN_STYLE = Automatic;
				DEVELOPMENT_TEAM = 4HRSN4JVL4;
				INFOPLIST_FILE = VSSquad/Info.plist;
				LD_RUNPATH_SEARCH_PATHS = (
					"$(inherited)",
					"@executable_path/Frameworks",
				);
				PRODUCT_BUNDLE_IDENTIFIER = VSSquad;
				PRODUCT_NAME = "$(TARGET_NAME)";
				SWIFT_VERSION = 4.2;
				TARGETED_DEVICE_FAMILY = "1,2";
			};
			name = Release;
		};
/* End XCBuildConfiguration section */

/* Begin XCConfigurationList section */
		14185102237C85B1001224D3 /* Build configuration list for PBXProject "VSSquad" */ = {
			isa = XCConfigurationList;
			buildConfigurations = (
				1418511A237C85B2001224D3 /* Debug */,
				1418511B237C85B2001224D3 /* Release */,
			);
			defaultConfigurationIsVisible = 0;
			defaultConfigurationName = Release;
		};
		1418511C237C85B2001224D3 /* Build configuration list for PBXNativeTarget "VSSquad" */ = {
			isa = XCConfigurationList;
			buildConfigurations = (
				1418511D237C85B2001224D3 /* Debug */,
				1418511E237C85B2001224D3 /* Release */,
			);
			defaultConfigurationIsVisible = 0;
			defaultConfigurationName = Release;
		};
/* End XCConfigurationList section */

/* Begin XCVersionGroup section */
		14185111237C85B1001224D3 /* VSSquad.xcdatamodeld */ = {
			isa = XCVersionGroup;
			children = (
				14185112237C85B1001224D3 /* VSSquad.xcdatamodel */,
			);
			currentVersion = 14185112237C85B1001224D3 /* VSSquad.xcdatamodel */;
			path = VSSquad.xcdatamodeld;
			sourceTree = "<group>";
			versionGroupType = wrapper.xcdatamodel;
		};
/* End XCVersionGroup section */
	};
	rootObject = 141850FF237C85B1001224D3 /* Project object */;
}
